
Microsoft Visual Studio Solution File, Format Version 12.00
# Visual Studio Version 17
VisualStudioVersion = 17.13.35913.81 d17.13
MinimumVisualStudioVersion = 10.0.40219.1
Project("{FAE04EC0-301F-11D3-BF4B-00C04F79EFBC}") = "ClientApp", "ClientApp\ClientApp.csproj", "{F86BFC3D-1CEE-4A93-BB66-CEFE97639B1B}"
EndProject
Project("{FAE04EC0-301F-11D3-BF4B-00C04F79EFBC}") = "ServiceApi", "ServiceApi\ServiceApi.csproj", "{4008F537-158E-4FF7-890F-66900986CAF8}"
EndProject
Global
	GlobalSection(SolutionConfigurationPlatforms) = preSolution
		Debug|Any CPU = Debug|Any CPU
		Release|Any CPU = Release|Any CPU
	EndGlobalSection
	GlobalSection(ProjectConfigurationPlatforms) = postSolution
		{F86BFC3D-1CEE-4A93-BB66-CEFE97639B1B}.Debug|Any CPU.ActiveCfg = Debug|Any CPU
		{F86BFC3D-1CEE-4A93-BB66-CEFE97639B1B}.Debug|Any CPU.Build.0 = Debug|Any CPU
		{F86BFC3D-1CEE-4A93-BB66-CEFE97639B1B}.Release|Any CPU.ActiveCfg = Release|Any CPU
		{F86BFC3D-1CEE-4A93-BB66-CEFE97639B1B}.Release|Any CPU.Build.0 = Release|Any CPU
		{4008F537-158E-4FF7-890F-66900986CAF8}.Debug|Any CPU.ActiveCfg = Debug|Any CPU
		{4008F537-158E-4FF7-890F-66900986CAF8}.Debug|Any CPU.Build.0 = Debug|Any CPU
		{4008F537-158E-4FF7-890F-66900986CAF8}.Release|Any CPU.ActiveCfg = Release|Any CPU
		{4008F537-158E-4FF7-890F-66900986CAF8}.Release|Any CPU.Build.0 = Release|Any CPU
	EndGlobalSection
	GlobalSection(SolutionProperties) = preSolution
		HideSolutionNode = FALSE
	EndGlobalSection
	GlobalSection(ExtensibilityGlobals) = postSolution
		SolutionGuid = {9E743BFA-BDE5-4C8B-B696-8DA3BF06E591}
	EndGlobalSection
EndGlobal
